{"is_source_file": false, "format": "", "description": "", "external_files": [], "external_methods": [], "published": [], "classes": [], "methods": [], "calls": [], "search-terms": [], "state": 2, "file_id": 3, "knowledge_revision": 32, "git_revision": "fe8e44f0daf800b6fb61947c6cff32cf76fb25c0", "hash": "e9b4c3b42cef0193b7fddb548d37e652", "format-version": 4, "code-base-name": "default", "filename": "rhythmease/post_process_status.lock", "revision_history": [{"32": "fe8e44f0daf800b6fb61947c6cff32cf76fb25c0"}]}